
Microsoft Visual Studio Solution File, Format Version 12.00
# Visual Studio 15
VisualStudioVersion = 15.0.27703.2018
MinimumVisualStudioVersion = 10.0.40219.1
Project("{FAE04EC0-301F-11D3-BF4B-00C04F79EFBC}") = "Bukva", "Bukva\Bukva.csproj", "{FF6F9E11-EF1F-48F4-8F9B-EE66A287189F}"
EndProject
Global
	GlobalSection(SolutionConfigurationPlatforms) = preSolution
		Debug|Any CPU = Debug|Any CPU
		Release|Any CPU = Release|Any CPU
	EndGlobalSection
	GlobalSection(ProjectConfigurationPlatforms) = postSolution
		{FF6F9E11-EF1F-48F4-8F9B-EE66A287189F}.Debug|Any CPU.ActiveCfg = Debug|Any CPU
		{FF6F9E11-EF1F-48F4-8F9B-EE66A287189F}.Debug|Any CPU.Build.0 = Debug|Any CPU
		{FF6F9E11-EF1F-48F4-8F9B-EE66A287189F}.Release|Any CPU.ActiveCfg = Release|Any CPU
		{FF6F9E11-EF1F-48F4-8F9B-EE66A287189F}.Release|Any CPU.Build.0 = Release|Any CPU
	EndGlobalSection
	GlobalSection(SolutionProperties) = preSolution
		HideSolutionNode = FALSE
	EndGlobalSection
	GlobalSection(ExtensibilityGlobals) = postSolution
		SolutionGuid = {BD7FF8BB-826B-4CDD-A3F7-D06AED35CBD2}
	EndGlobalSection
EndGlobal
